
Microsoft Visual Studio Solution File, Format Version 12.00
# Visual Studio Version 16
VisualStudioVersion = 16.0.31729.503
MinimumVisualStudioVersion = 10.0.40219.1
Project("{FAE04EC0-301F-11D3-BF4B-00C04F79EFBC}") = "ToDoListBlazrWasm", "ToDoListBlazrWasm\ToDoListBlazrWasm.csproj", "{6954C2B9-25C5-407B-814A-3E2B128CF9A8}"
EndProject
Global
	GlobalSection(SolutionConfigurationPlatforms) = preSolution
		Debug|Any CPU = Debug|Any CPU
		Release|Any CPU = Release|Any CPU
	EndGlobalSection
	GlobalSection(ProjectConfigurationPlatforms) = postSolution
		{6954C2B9-25C5-407B-814A-3E2B128CF9A8}.Debug|Any CPU.ActiveCfg = Debug|Any CPU
		{6954C2B9-25C5-407B-814A-3E2B128CF9A8}.Debug|Any CPU.Build.0 = Debug|Any CPU
		{6954C2B9-25C5-407B-814A-3E2B128CF9A8}.Release|Any CPU.ActiveCfg = Release|Any CPU
		{6954C2B9-25C5-407B-814A-3E2B128CF9A8}.Release|Any CPU.Build.0 = Release|Any CPU
	EndGlobalSection
	GlobalSection(SolutionProperties) = preSolution
		HideSolutionNode = FALSE
	EndGlobalSection
	GlobalSection(ExtensibilityGlobals) = postSolution
		SolutionGuid = {D3F096A3-6CFA-4E3D-840F-2FCF4DA4ED26}
	EndGlobalSection
EndGlobal
